
Microsoft Visual Studio Solution File, Format Version 12.00
# Visual Studio Version 16
VisualStudioVersion = 16.0.31105.61
MinimumVisualStudioVersion = 10.0.40219.1
Project("{FAE04EC0-301F-11D3-BF4B-00C04F79EFBC}") = "FunctionApp11", "FunctionApp11.csproj", "{C2FFBE15-5896-46FE-AEF4-563643FDA286}"
EndProject
Global
	GlobalSection(SolutionConfigurationPlatforms) = preSolution
		Debug|Any CPU = Debug|Any CPU
		Release|Any CPU = Release|Any CPU
	EndGlobalSection
	GlobalSection(ProjectConfigurationPlatforms) = postSolution
		{C2FFBE15-5896-46FE-AEF4-563643FDA286}.Debug|Any CPU.ActiveCfg = Debug|Any CPU
		{C2FFBE15-5896-46FE-AEF4-563643FDA286}.Debug|Any CPU.Build.0 = Debug|Any CPU
		{C2FFBE15-5896-46FE-AEF4-563643FDA286}.Release|Any CPU.ActiveCfg = Release|Any CPU
		{C2FFBE15-5896-46FE-AEF4-563643FDA286}.Release|Any CPU.Build.0 = Release|Any CPU
	EndGlobalSection
	GlobalSection(SolutionProperties) = preSolution
		HideSolutionNode = FALSE
	EndGlobalSection
	GlobalSection(ExtensibilityGlobals) = postSolution
		SolutionGuid = {B76C416F-6EB8-41C4-B5D3-D2DB37EB55DF}
	EndGlobalSection
EndGlobal
